// !$*UTF8*$!
{
	archiveVersion = 1;
	classes = {
	};
	objectVersion = 56;
	objects = {

/* Begin PBXBuildFile section */
		235552DB2A9D51FD005B4A52 /* Clear_Weather31.riv in Resources */ = {isa = PBXBuildFile; fileRef = 235552D72A9D51FD005B4A52 /* Clear_Weather31.riv */; };
		235552DC2A9D51FD005B4A52 /* Cloudi_31.riv in Resources */ = {isa = PBXBuildFile; fileRef = 235552D82A9D51FD005B4A52 /* Cloudi_31.riv */; };
		235552DD2A9D51FD005B4A52 /* fog-31.riv in Resources */ = {isa = PBXBuildFile; fileRef = 235552D92A9D51FD005B4A52 /* fog-31.riv */; };
		235552DE2A9D51FD005B4A52 /* RainWeather31.riv in Resources */ = {isa = PBXBuildFile; fileRef = 235552DA2A9D51FD005B4A52 /* RainWeather31.riv */; };
		238662BB2A994B3800924E5F /* PittsburghWeatherModel.swift in Sources */ = {isa = PBXBuildFile; fileRef = 238662BA2A994B3800924E5F /* PittsburghWeatherModel.swift */; };
		238662BD2A99591D00924E5F /* Service.swift in Sources */ = {isa = PBXBuildFile; fileRef = 238662BC2A99591D00924E5F /* Service.swift */; };
		238662BF2A995AC800924E5F /* PittsburghWeatherViewModel.swift in Sources */ = {isa = PBXBuildFile; fileRef = 238662BE2A995AC800924E5F /* PittsburghWeatherViewModel.swift */; };
		238662C32A99688C00924E5F /* WeatherIconView.swift in Sources */ = {isa = PBXBuildFile; fileRef = 238662C22A99688B00924E5F /* WeatherIconView.swift */; };
		239951962A99A6C7008B3231 /* CityModel.swift in Sources */ = {isa = PBXBuildFile; fileRef = 239951952A99A6C7008B3231 /* CityModel.swift */; };
		23E382E42A9942DC007A54A8 /* CodingChallenge_ToyotaApp.swift in Sources */ = {isa = PBXBuildFile; fileRef = 23E382E32A9942DC007A54A8 /* CodingChallenge_ToyotaApp.swift */; };
		23E382E82A9942E2007A54A8 /* Assets.xcassets in Resources */ = {isa = PBXBuildFile; fileRef = 23E382E72A9942E2007A54A8 /* Assets.xcassets */; };
		23E382EB2A9942E2007A54A8 /* Preview Assets.xcassets in Resources */ = {isa = PBXBuildFile; fileRef = 23E382EA2A9942E2007A54A8 /* Preview Assets.xcassets */; };
		23E3CE452A9BE4E300B6CF7E /* StandurdView.swift in Sources */ = {isa = PBXBuildFile; fileRef = 23E3CE442A9BE4E300B6CF7E /* StandurdView.swift */; };
		23E3CE5D2A9C3DC500B6CF7E /* new_file-30.riv in Resources */ = {isa = PBXBuildFile; fileRef = 23E3CE5C2A9C3DC500B6CF7E /* new_file-30.riv */; };
		23E3CE5F2A9C3FB100B6CF7E /* MockAPIService.swift in Sources */ = {isa = PBXBuildFile; fileRef = 23E3CE5E2A9C3FB100B6CF7E /* MockAPIService.swift */; };
		23E3CE632A9C42C200B6CF7E /* MockData1.json in Resources */ = {isa = PBXBuildFile; fileRef = 23E3CE622A9C42C200B6CF7E /* MockData1.json */; };
		23E3CE652A9C43C800B6CF7E /* MoceData2.json in Resources */ = {isa = PBXBuildFile; fileRef = 23E3CE642A9C43C800B6CF7E /* MoceData2.json */; };
		23E3CE6D2A9C4B2E00B6CF7E /* CodingChallenge_ToyotaTests.swift in Sources */ = {isa = PBXBuildFile; fileRef = 23E3CE6C2A9C4B2E00B6CF7E /* CodingChallenge_ToyotaTests.swift */; };
		23EF804F2A9A431000A24C25 /* RiveRuntime in Frameworks */ = {isa = PBXBuildFile; productRef = 23EF804E2A9A431000A24C25 /* RiveRuntime */; };
/* End PBXBuildFile section */

/* Begin PBXContainerItemProxy section */
		23E3CE6E2A9C4B2E00B6CF7E /* PBXContainerItemProxy */ = {
			isa = PBXContainerItemProxy;
			containerPortal = 23E382D82A9942DC007A54A8 /* Project object */;
			proxyType = 1;
			remoteGlobalIDString = 23E382DF2A9942DC007A54A8;
			remoteInfo = "CodingChallenge-Toyota";
		};
/* End PBXContainerItemProxy section */

/* Begin PBXFileReference section */
		235552D72A9D51FD005B4A52 /* Clear_Weather31.riv */ = {isa = PBXFileReference; lastKnownFileType = file; path = Clear_Weather31.riv; sourceTree = "<group>"; };
		235552D82A9D51FD005B4A52 /* Cloudi_31.riv */ = {isa = PBXFileReference; lastKnownFileType = file; path = Cloudi_31.riv; sourceTree = "<group>"; };
		235552D92A9D51FD005B4A52 /* fog-31.riv */ = {isa = PBXFileReference; lastKnownFileType = file; path = "fog-31.riv"; sourceTree = "<group>"; };
		235552DA2A9D51FD005B4A52 /* RainWeather31.riv */ = {isa = PBXFileReference; lastKnownFileType = file; path = RainWeather31.riv; sourceTree = "<group>"; };
		238662BA2A994B3800924E5F /* PittsburghWeatherModel.swift */ = {isa = PBXFileReference; lastKnownFileType = sourcecode.swift; path = PittsburghWeatherModel.swift; sourceTree = "<group>"; };
		238662BC2A99591D00924E5F /* Service.swift */ = {isa = PBXFileReference; lastKnownFileType = sourcecode.swift; path = Service.swift; sourceTree = "<group>"; };
		238662BE2A995AC800924E5F /* PittsburghWeatherViewModel.swift */ = {isa = PBXFileReference; lastKnownFileType = sourcecode.swift; path = PittsburghWeatherViewModel.swift; sourceTree = "<group>"; };
		238662C22A99688B00924E5F /* WeatherIconView.swift */ = {isa = PBXFileReference; lastKnownFileType = sourcecode.swift; path = WeatherIconView.swift; sourceTree = "<group>"; };
		239951952A99A6C7008B3231 /* CityModel.swift */ = {isa = PBXFileReference; lastKnownFileType = sourcecode.swift; path = CityModel.swift; sourceTree = "<group>"; };
		23E382E02A9942DC007A54A8 /* CodingChallenge-Toyota.app */ = {isa = PBXFileReference; explicitFileType = wrapper.application; includeInIndex = 0; path = "CodingChallenge-Toyota.app"; sourceTree = BUILT_PRODUCTS_DIR; };
		23E382E32A9942DC007A54A8 /* CodingChallenge_ToyotaApp.swift */ = {isa = PBXFileReference; lastKnownFileType = sourcecode.swift; path = CodingChallenge_ToyotaApp.swift; sourceTree = "<group>"; };
		23E382E72A9942E2007A54A8 /* Assets.xcassets */ = {isa = PBXFileReference; lastKnownFileType = folder.assetcatalog; path = Assets.xcassets; sourceTree = "<group>"; };
		23E382EA2A9942E2007A54A8 /* Preview Assets.xcassets */ = {isa = PBXFileReference; lastKnownFileType = folder.assetcatalog; path = "Preview Assets.xcassets"; sourceTree = "<group>"; };
		23E3CE442A9BE4E300B6CF7E /* StandurdView.swift */ = {isa = PBXFileReference; lastKnownFileType = sourcecode.swift; path = StandurdView.swift; sourceTree = "<group>"; };
		23E3CE5C2A9C3DC500B6CF7E /* new_file-30.riv */ = {isa = PBXFileReference; lastKnownFileType = file; path = "new_file-30.riv"; sourceTree = "<group>"; };
		23E3CE5E2A9C3FB100B6CF7E /* MockAPIService.swift */ = {isa = PBXFileReference; lastKnownFileType = sourcecode.swift; path = MockAPIService.swift; sourceTree = "<group>"; };
		23E3CE622A9C42C200B6CF7E /* MockData1.json */ = {isa = PBXFileReference; lastKnownFileType = text.json; path = MockData1.json; sourceTree = "<group>"; };
		23E3CE642A9C43C800B6CF7E /* MoceData2.json */ = {isa = PBXFileReference; lastKnownFileType = text.json; path = MoceData2.json; sourceTree = "<group>"; };
		23E3CE6A2A9C4B2E00B6CF7E /* CodingChallenge-ToyotaTests.xctest */ = {isa = PBXFileReference; explicitFileType = wrapper.cfbundle; includeInIndex = 0; path = "CodingChallenge-ToyotaTests.xctest"; sourceTree = BUILT_PRODUCTS_DIR; };
		23E3CE6C2A9C4B2E00B6CF7E /* CodingChallenge_ToyotaTests.swift */ = {isa = PBXFileReference; lastKnownFileType = sourcecode.swift; path = CodingChallenge_ToyotaTests.swift; sourceTree = "<group>"; };
/* End PBXFileReference section */

/* Begin PBXFrameworksBuildPhase section */
		23E382DD2A9942DC007A54A8 /* Frameworks */ = {
			isa = PBXFrameworksBuildPhase;
			buildActionMask = 2147483647;
			files = (
				23EF804F2A9A431000A24C25 /* RiveRuntime in Frameworks */,
			);
			runOnlyForDeploymentPostprocessing = 0;
		};
		23E3CE672A9C4B2E00B6CF7E /* Frameworks */ = {
			isa = PBXFrameworksBuildPhase;
			buildActionMask = 2147483647;
			files = (
			);
			runOnlyForDeploymentPostprocessing = 0;
		};
/* End PBXFrameworksBuildPhase section */

/* Begin PBXGroup section */
		23E382D72A9942DC007A54A8 = {
			isa = PBXGroup;
			children = (
				23E3CE5C2A9C3DC500B6CF7E /* new_file-30.riv */,
				235552D72A9D51FD005B4A52 /* Clear_Weather31.riv */,
				235552D82A9D51FD005B4A52 /* Cloudi_31.riv */,
				235552D92A9D51FD005B4A52 /* fog-31.riv */,
				235552DA2A9D51FD005B4A52 /* RainWeather31.riv */,
				23E382E22A9942DC007A54A8 /* CodingChallenge-Toyota */,
				23E3CE6B2A9C4B2E00B6CF7E /* CodingChallenge-ToyotaTests */,
				23E382E12A9942DC007A54A8 /* Products */,
			);
			sourceTree = "<group>";
		};
		23E382E12A9942DC007A54A8 /* Products */ = {
			isa = PBXGroup;
			children = (
				23E382E02A9942DC007A54A8 /* CodingChallenge-Toyota.app */,
				23E3CE6A2A9C4B2E00B6CF7E /* CodingChallenge-ToyotaTests.xctest */,
			);
			name = Products;
			sourceTree = "<group>";
		};
		23E382E22A9942DC007A54A8 /* CodingChallenge-Toyota */ = {
			isa = PBXGroup;
			children = (
				23E3830F2A994A06007A54A8 /* Model */,
				23E3830E2A9949D6007A54A8 /* ViewModel */,
				23E3830D2A9949CC007A54A8 /* Views */,
				23E3830C2A9949C9007A54A8 /* Services */,
				23E382E32A9942DC007A54A8 /* CodingChallenge_ToyotaApp.swift */,
				23E382E72A9942E2007A54A8 /* Assets.xcassets */,
				23E382E92A9942E2007A54A8 /* Preview Content */,
			);
			path = "CodingChallenge-Toyota";
			sourceTree = "<group>";
		};
		23E382E92A9942E2007A54A8 /* Preview Content */ = {
			isa = PBXGroup;
			children = (
				23E382EA2A9942E2007A54A8 /* Preview Assets.xcassets */,
			);
			path = "Preview Content";
			sourceTree = "<group>";
		};
		23E3830C2A9949C9007A54A8 /* Services */ = {
			isa = PBXGroup;
			children = (
				238662BC2A99591D00924E5F /* Service.swift */,
				23E3CE5E2A9C3FB100B6CF7E /* MockAPIService.swift */,
				23E3CE622A9C42C200B6CF7E /* MockData1.json */,
				23E3CE642A9C43C800B6CF7E /* MoceData2.json */,
			);
			path = Services;
			sourceTree = "<group>";
		};
		23E3830D2A9949CC007A54A8 /* Views */ = {
			isa = PBXGroup;
			children = (
				238662C22A99688B00924E5F /* WeatherIconView.swift */,
				23E3CE442A9BE4E300B6CF7E /* StandurdView.swift */,
			);
			path = Views;
			sourceTree = "<group>";
		};
		23E3830E2A9949D6007A54A8 /* ViewModel */ = {
			isa = PBXGroup;
			children = (
				238662BE2A995AC800924E5F /* PittsburghWeatherViewModel.swift */,
			);
			path = ViewModel;
			sourceTree = "<group>";
		};
		23E3830F2A994A06007A54A8 /* Model */ = {
			isa = PBXGroup;
			children = (
				238662BA2A994B3800924E5F /* PittsburghWeatherModel.swift */,
				239951952A99A6C7008B3231 /* CityModel.swift */,
			);
			path = Model;
			sourceTree = "<group>";
		};
		23E3CE6B2A9C4B2E00B6CF7E /* CodingChallenge-ToyotaTests */ = {
			isa = PBXGroup;
			children = (
				23E3CE6C2A9C4B2E00B6CF7E /* CodingChallenge_ToyotaTests.swift */,
			);
			path = "CodingChallenge-ToyotaTests";
			sourceTree = "<group>";
		};
/* End PBXGroup section */

/* Begin PBXNativeTarget section */
		23E382DF2A9942DC007A54A8 /* CodingChallenge-Toyota */ = {
			isa = PBXNativeTarget;
			buildConfigurationList = 23E382EE2A9942E2007A54A8 /* Build configuration list for PBXNativeTarget "CodingChallenge-Toyota" */;
			buildPhases = (
				23E382DC2A9942DC007A54A8 /* Sources */,
				23E382DD2A9942DC007A54A8 /* Frameworks */,
				23E382DE2A9942DC007A54A8 /* Resources */,
			);
			buildRules = (
			);
			dependencies = (
			);
			name = "CodingChallenge-Toyota";
			packageProductDependencies = (
				23EF804E2A9A431000A24C25 /* RiveRuntime */,
			);
			productName = "CodingChallenge-Toyota";
			productReference = 23E382E02A9942DC007A54A8 /* CodingChallenge-Toyota.app */;
			productType = "com.apple.product-type.application";
		};
		23E3CE692A9C4B2E00B6CF7E /* CodingChallenge-ToyotaTests */ = {
			isa = PBXNativeTarget;
			buildConfigurationList = 23E3CE702A9C4B2E00B6CF7E /* Build configuration list for PBXNativeTarget "CodingChallenge-ToyotaTests" */;
			buildPhases = (
				23E3CE662A9C4B2E00B6CF7E /* Sources */,
				23E3CE672A9C4B2E00B6CF7E /* Frameworks */,
				23E3CE682A9C4B2E00B6CF7E /* Resources */,
			);
			buildRules = (
			);
			dependencies = (
				23E3CE6F2A9C4B2E00B6CF7E /* PBXTargetDependency */,
			);
			name = "CodingChallenge-ToyotaTests";
			productName = "CodingChallenge-ToyotaTests";
			productReference = 23E3CE6A2A9C4B2E00B6CF7E /* CodingChallenge-ToyotaTests.xctest */;
			productType = "com.apple.product-type.bundle.unit-test";
		};
/* End PBXNativeTarget section */

/* Begin PBXProject section */
		23E382D82A9942DC007A54A8 /* Project object */ = {
			isa = PBXProject;
			attributes = {
				BuildIndependentTargetsInParallel = 1;
				LastSwiftUpdateCheck = 1500;
				LastUpgradeCheck = 1500;
				TargetAttributes = {
					23E382DF2A9942DC007A54A8 = {
						CreatedOnToolsVersion = 15.0;
					};
					23E3CE692A9C4B2E00B6CF7E = {
						CreatedOnToolsVersion = 15.0;
						TestTargetID = 23E382DF2A9942DC007A54A8;
					};
				};
			};
			buildConfigurationList = 23E382DB2A9942DC007A54A8 /* Build configuration list for PBXProject "CodingChallenge-Toyota" */;
			compatibilityVersion = "Xcode 14.0";
			developmentRegion = en;
			hasScannedForEncodings = 0;
			knownRegions = (
				en,
				Base,
			);
			mainGroup = 23E382D72A9942DC007A54A8;
			packageReferences = (
				23EF804D2A9A431000A24C25 /* XCRemoteSwiftPackageReference "rive-ios" */,
			);
			productRefGroup = 23E382E12A9942DC007A54A8 /* Products */;
			projectDirPath = "";
			projectRoot = "";
			targets = (
				23E382DF2A9942DC007A54A8 /* CodingChallenge-Toyota */,
				23E3CE692A9C4B2E00B6CF7E /* CodingChallenge-ToyotaTests */,
			);
		};
/* End PBXProject section */

/* Begin PBXResourcesBuildPhase section */
		23E382DE2A9942DC007A54A8 /* Resources */ = {
			isa = PBXResourcesBuildPhase;
			buildActionMask = 2147483647;
			files = (
				235552DB2A9D51FD005B4A52 /* Clear_Weather31.riv in Resources */,
				235552DC2A9D51FD005B4A52 /* Cloudi_31.riv in Resources */,
				235552DE2A9D51FD005B4A52 /* RainWeather31.riv in Resources */,
				23E3CE652A9C43C800B6CF7E /* MoceData2.json in Resources */,
				23E382EB2A9942E2007A54A8 /* Preview Assets.xcassets in Resources */,
				23E3CE5D2A9C3DC500B6CF7E /* new_file-30.riv in Resources */,
				23E382E82A9942E2007A54A8 /* Assets.xcassets in Resources */,
				235552DD2A9D51FD005B4A52 /* fog-31.riv in Resources */,
				23E3CE632A9C42C200B6CF7E /* MockData1.json in Resources */,
			);
			runOnlyForDeploymentPostprocessing = 0;
		};
		23E3CE682A9C4B2E00B6CF7E /* Resources */ = {
			isa = PBXResourcesBuildPhase;
			buildActionMask = 2147483647;
			files = (
			);
			runOnlyForDeploymentPostprocessing = 0;
		};
/* End PBXResourcesBuildPhase section */

/* Begin PBXSourcesBuildPhase section */
		23E382DC2A9942DC007A54A8 /* Sources */ = {
			isa = PBXSourcesBuildPhase;
			buildActionMask = 2147483647;
			files = (
				238662C32A99688C00924E5F /* WeatherIconView.swift in Sources */,
				238662BD2A99591D00924E5F /* Service.swift in Sources */,
				23E382E42A9942DC007A54A8 /* CodingChallenge_ToyotaApp.swift in Sources */,
				238662BB2A994B3800924E5F /* PittsburghWeatherModel.swift in Sources */,
				23E3CE452A9BE4E300B6CF7E /* StandurdView.swift in Sources */,
				23E3CE5F2A9C3FB100B6CF7E /* MockAPIService.swift in Sources */,
				238662BF2A995AC800924E5F /* PittsburghWeatherViewModel.swift in Sources */,
				239951962A99A6C7008B3231 /* CityModel.swift in Sources */,
			);
			runOnlyForDeploymentPostprocessing = 0;
		};
		23E3CE662A9C4B2E00B6CF7E /* Sources */ = {
			isa = PBXSourcesBuildPhase;
			buildActionMask = 2147483647;
			files = (
				23E3CE6D2A9C4B2E00B6CF7E /* CodingChallenge_ToyotaTests.swift in Sources */,
			);
			runOnlyForDeploymentPostprocessing = 0;
		};
/* End PBXSourcesBuildPhase section */

/* Begin PBXTargetDependency section */
		23E3CE6F2A9C4B2E00B6CF7E /* PBXTargetDependency */ = {
			isa = PBXTargetDependency;
			target = 23E382DF2A9942DC007A54A8 /* CodingChallenge-Toyota */;
			targetProxy = 23E3CE6E2A9C4B2E00B6CF7E /* PBXContainerItemProxy */;
		};
/* End PBXTargetDependency section */

/* Begin XCBuildConfiguration section */
		23E382EC2A9942E2007A54A8 /* Debug */ = {
			isa = XCBuildConfiguration;
			buildSettings = {
				ALWAYS_SEARCH_USER_PATHS = NO;
				ASSETCATALOG_COMPILER_GENERATE_SWIFT_ASSET_SYMBOL_EXTENSIONS = YES;
				CLANG_ANALYZER_NONNULL = YES;
				CLANG_ANALYZER_NUMBER_OBJECT_CONVERSION = YES_AGGRESSIVE;
				CLANG_CXX_LANGUAGE_STANDARD = "gnu++20";
				CLANG_ENABLE_MODULES = YES;
				CLANG_ENABLE_OBJC_ARC = YES;
				CLANG_ENABLE_OBJC_WEAK = YES;
				CLANG_WARN_BLOCK_CAPTURE_AUTORELEASING = YES;
				CLANG_WARN_BOOL_CONVERSION = YES;
				CLANG_WARN_COMMA = YES;
				CLANG_WARN_CONSTANT_CONVERSION = YES;
				CLANG_WARN_DEPRECATED_OBJC_IMPLEMENTATIONS = YES;
				CLANG_WARN_DIRECT_OBJC_ISA_USAGE = YES_ERROR;
				CLANG_WARN_DOCUMENTATION_COMMENTS = YES;
				CLANG_WARN_EMPTY_BODY = YES;
				CLANG_WARN_ENUM_CONVERSION = YES;
				CLANG_WARN_INFINITE_RECURSION = YES;
				CLANG_WARN_INT_CONVERSION = YES;
				CLANG_WARN_NON_LITERAL_NULL_CONVERSION = YES;
				CLANG_WARN_OBJC_IMPLICIT_RETAIN_SELF = YES;
				CLANG_WARN_OBJC_LITERAL_CONVERSION = YES;
				CLANG_WARN_OBJC_ROOT_CLASS = YES_ERROR;
				CLANG_WARN_QUOTED_INCLUDE_IN_FRAMEWORK_HEADER = YES;
				CLANG_WARN_RANGE_LOOP_ANALYSIS = YES;
				CLANG_WARN_STRICT_PROTOTYPES = YES;
				CLANG_WARN_SUSPICIOUS_MOVE = YES;
				CLANG_WARN_UNGUARDED_AVAILABILITY = YES_AGGRESSIVE;
				CLANG_WARN_UNREACHABLE_CODE = YES;
				CLANG_WARN__DUPLICATE_METHOD_MATCH = YES;
				COPY_PHASE_STRIP = NO;
				DEBUG_INFORMATION_FORMAT = dwarf;
				ENABLE_STRICT_OBJC_MSGSEND = YES;
				ENABLE_TESTABILITY = YES;
				ENABLE_USER_SCRIPT_SANDBOXING = YES;
				GCC_C_LANGUAGE_STANDARD = gnu17;
				GCC_DYNAMIC_NO_PIC = NO;
				GCC_NO_COMMON_BLOCKS = YES;
				GCC_OPTIMIZATION_LEVEL = 0;
				GCC_PREPROCESSOR_DEFINITIONS = (
					"DEBUG=1",
					"$(inherited)",
				);
				GCC_WARN_64_TO_32_BIT_CONVERSION = YES;
				GCC_WARN_ABOUT_RETURN_TYPE = YES_ERROR;
				GCC_WARN_UNDECLARED_SELECTOR = YES;
				GCC_WARN_UNINITIALIZED_AUTOS = YES_AGGRESSIVE;
				GCC_WARN_UNUSED_FUNCTION = YES;
				GCC_WARN_UNUSED_VARIABLE = YES;
				IPHONEOS_DEPLOYMENT_TARGET = 17.0;
				LOCALIZATION_PREFERS_STRING_CATALOGS = YES;
				MTL_ENABLE_DEBUG_INFO = INCLUDE_SOURCE;
				MTL_FAST_MATH = YES;
				ONLY_ACTIVE_ARCH = YES;
				SDKROOT = iphoneos;
				SWIFT_ACTIVE_COMPILATION_CONDITIONS = "DEBUG $(inherited)";
				SWIFT_OPTIMIZATION_LEVEL = "-Onone";
			};
			name = Debug;
		};
		23E382ED2A9942E2007A54A8 /* Release */ = {
			isa = XCBuildConfiguration;
			buildSettings = {
				ALWAYS_SEARCH_USER_PATHS = NO;
				ASSETCATALOG_COMPILER_GENERATE_SWIFT_ASSET_SYMBOL_EXTENSIONS = YES;
				CLANG_ANALYZER_NONNULL = YES;
				CLANG_ANALYZER_NUMBER_OBJECT_CONVERSION = YES_AGGRESSIVE;
				CLANG_CXX_LANGUAGE_STANDARD = "gnu++20";
				CLANG_ENABLE_MODULES = YES;
				CLANG_ENABLE_OBJC_ARC = YES;
				CLANG_ENABLE_OBJC_WEAK = YES;
				CLANG_WARN_BLOCK_CAPTURE_AUTORELEASING = YES;
				CLANG_WARN_BOOL_CONVERSION = YES;
				CLANG_WARN_COMMA = YES;
				CLANG_WARN_CONSTANT_CONVERSION = YES;
				CLANG_WARN_DEPRECATED_OBJC_IMPLEMENTATIONS = YES;
				CLANG_WARN_DIRECT_OBJC_ISA_USAGE = YES_ERROR;
				CLANG_WARN_DOCUMENTATION_COMMENTS = YES;
				CLANG_WARN_EMPTY_BODY = YES;
				CLANG_WARN_ENUM_CONVERSION = YES;
				CLANG_WARN_INFINITE_RECURSION = YES;
				CLANG_WARN_INT_CONVERSION = YES;
				CLANG_WARN_NON_LITERAL_NULL_CONVERSION = YES;
				CLANG_WARN_OBJC_IMPLICIT_RETAIN_SELF = YES;
				CLANG_WARN_OBJC_LITERAL_CONVERSION = YES;
				CLANG_WARN_OBJC_ROOT_CLASS = YES_ERROR;
				CLANG_WARN_QUOTED_INCLUDE_IN_FRAMEWORK_HEADER = YES;
				CLANG_WARN_RANGE_LOOP_ANALYSIS = YES;
				CLANG_WARN_STRICT_PROTOTYPES = YES;
				CLANG_WARN_SUSPICIOUS_MOVE = YES;
				CLANG_WARN_UNGUARDED_AVAILABILITY = YES_AGGRESSIVE;
				CLANG_WARN_UNREACHABLE_CODE = YES;
				CLANG_WARN__DUPLICATE_METHOD_MATCH = YES;
				COPY_PHASE_STRIP = NO;
				DEBUG_INFORMATION_FORMAT = "dwarf-with-dsym";
				ENABLE_NS_ASSERTIONS = NO;
				ENABLE_STRICT_OBJC_MSGSEND = YES;
				ENABLE_USER_SCRIPT_SANDBOXING = YES;
				GCC_C_LANGUAGE_STANDARD = gnu17;
				GCC_NO_COMMON_BLOCKS = YES;
				GCC_WARN_64_TO_32_BIT_CONVERSION = YES;
				GCC_WARN_ABOUT_RETURN_TYPE = YES_ERROR;
				GCC_WARN_UNDECLARED_SELECTOR = YES;
				GCC_WARN_UNINITIALIZED_AUTOS = YES_AGGRESSIVE;
				GCC_WARN_UNUSED_FUNCTION = YES;
				GCC_WARN_UNUSED_VARIABLE = YES;
				IPHONEOS_DEPLOYMENT_TARGET = 17.0;
				LOCALIZATION_PREFERS_STRING_CATALOGS = YES;
				MTL_ENABLE_DEBUG_INFO = NO;
				MTL_FAST_MATH = YES;
				SDKROOT = iphoneos;
				SWIFT_COMPILATION_MODE = wholemodule;
				VALIDATE_PRODUCT = YES;
			};
			name = Release;
		};
		23E382EF2A9942E2007A54A8 /* Debug */ = {
			isa = XCBuildConfiguration;
			buildSettings = {
				ASSETCATALOG_COMPILER_APPICON_NAME = AppIcon;
				ASSETCATALOG_COMPILER_GLOBAL_ACCENT_COLOR_NAME = AccentColor;
				CODE_SIGN_STYLE = Automatic;
				CURRENT_PROJECT_VERSION = 1;
				DEVELOPMENT_ASSET_PATHS = "\"CodingChallenge-Toyota/Preview Content\"";
				DEVELOPMENT_TEAM = F788WA65H3;
				ENABLE_PREVIEWS = YES;
				GENERATE_INFOPLIST_FILE = YES;
				INFOPLIST_KEY_UIApplicationSceneManifest_Generation = YES;
				INFOPLIST_KEY_UIApplicationSupportsIndirectInputEvents = YES;
				INFOPLIST_KEY_UILaunchScreen_Generation = YES;
				INFOPLIST_KEY_UISupportedInterfaceOrientations_iPad = "UIInterfaceOrientationPortrait UIInterfaceOrientationPortraitUpsideDown UIInterfaceOrientationLandscapeLeft UIInterfaceOrientationLandscapeRight";
				INFOPLIST_KEY_UISupportedInterfaceOrientations_iPhone = "UIInterfaceOrientationPortrait UIInterfaceOrientationLandscapeLeft UIInterfaceOrientationLandscapeRight";
				LD_RUNPATH_SEARCH_PATHS = (
					"$(inherited)",
					"@executable_path/Frameworks",
				);
				MARKETING_VERSION = 1.0;
				PRODUCT_BUNDLE_IDENTIFIER = "com.naeemit.CodingChallenge-Toyota";
				PRODUCT_NAME = "$(TARGET_NAME)";
				SWIFT_EMIT_LOC_STRINGS = YES;
				SWIFT_VERSION = 5.0;
				TARGETED_DEVICE_FAMILY = "1,2";
			};
			name = Debug;
		};
		23E382F02A9942E2007A54A8 /* Release */ = {
			isa = XCBuildConfiguration;
			buildSettings = {
				ASSETCATALOG_COMPILER_APPICON_NAME = AppIcon;
				ASSETCATALOG_COMPILER_GLOBAL_ACCENT_COLOR_NAME = AccentColor;
				CODE_SIGN_STYLE = Automatic;
				CURRENT_PROJECT_VERSION = 1;
				DEVELOPMENT_ASSET_PATHS = "\"CodingChallenge-Toyota/Preview Content\"";
				DEVELOPMENT_TEAM = F788WA65H3;
				ENABLE_PREVIEWS = YES;
				GENERATE_INFOPLIST_FILE = YES;
				INFOPLIST_KEY_UIApplicationSceneManifest_Generation = YES;
				INFOPLIST_KEY_UIApplicationSupportsIndirectInputEvents = YES;
				INFOPLIST_KEY_UILaunchScreen_Generation = YES;
				INFOPLIST_KEY_UISupportedInterfaceOrientations_iPad = "UIInterfaceOrientationPortrait UIInterfaceOrientationPortraitUpsideDown UIInterfaceOrientationLandscapeLeft UIInterfaceOrientationLandscapeRight";
				INFOPLIST_KEY_UISupportedInterfaceOrientations_iPhone = "UIInterfaceOrientationPortrait UIInterfaceOrientationLandscapeLeft UIInterfaceOrientationLandscapeRight";
				LD_RUNPATH_SEARCH_PATHS = (
					"$(inherited)",
					"@executable_path/Frameworks",
				);
				MARKETING_VERSION = 1.0;
				PRODUCT_BUNDLE_IDENTIFIER = "com.naeemit.CodingChallenge-Toyota";
				PRODUCT_NAME = "$(TARGET_NAME)";
				SWIFT_EMIT_LOC_STRINGS = YES;
				SWIFT_VERSION = 5.0;
				TARGETED_DEVICE_FAMILY = "1,2";
			};
			name = Release;
		};
		23E3CE712A9C4B2E00B6CF7E /* Debug */ = {
			isa = XCBuildConfiguration;
			buildSettings = {
				BUNDLE_LOADER = "$(TEST_HOST)";
				CODE_SIGN_STYLE = Automatic;
				CURRENT_PROJECT_VERSION = 1;
				DEVELOPMENT_TEAM = F788WA65H3;
				GENERATE_INFOPLIST_FILE = YES;
				MARKETING_VERSION = 1.0;
				PRODUCT_BUNDLE_IDENTIFIER = "com.naeemit.CodingChallenge-ToyotaTests";
				PRODUCT_NAME = "$(TARGET_NAME)";
				SWIFT_EMIT_LOC_STRINGS = NO;
				SWIFT_VERSION = 5.0;
				TARGETED_DEVICE_FAMILY = "1,2";
				TEST_HOST = "$(BUILT_PRODUCTS_DIR)/CodingChallenge-Toyota.app/$(BUNDLE_EXECUTABLE_FOLDER_PATH)/CodingChallenge-Toyota";
			};
			name = Debug;
		};
		23E3CE722A9C4B2E00B6CF7E /* Release */ = {
			isa = XCBuildConfiguration;
			buildSettings = {
				BUNDLE_LOADER = "$(TEST_HOST)";
				CODE_SIGN_STYLE = Automatic;
				CURRENT_PROJECT_VERSION = 1;
				DEVELOPMENT_TEAM = F788WA65H3;
				GENERATE_INFOPLIST_FILE = YES;
				MARKETING_VERSION = 1.0;
				PRODUCT_BUNDLE_IDENTIFIER = "com.naeemit.CodingChallenge-ToyotaTests";
				PRODUCT_NAME = "$(TARGET_NAME)";
				SWIFT_EMIT_LOC_STRINGS = NO;
				SWIFT_VERSION = 5.0;
				TARGETED_DEVICE_FAMILY = "1,2";
				TEST_HOST = "$(BUILT_PRODUCTS_DIR)/CodingChallenge-Toyota.app/$(BUNDLE_EXECUTABLE_FOLDER_PATH)/CodingChallenge-Toyota";
			};
			name = Release;
		};
/* End XCBuildConfiguration section */

/* Begin XCConfigurationList section */
		23E382DB2A9942DC007A54A8 /* Build configuration list for PBXProject "CodingChallenge-Toyota" */ = {
			isa = XCConfigurationList;
			buildConfigurations = (
				23E382EC2A9942E2007A54A8 /* Debug */,
				23E382ED2A9942E2007A54A8 /* Release */,
			);
			defaultConfigurationIsVisible = 0;
			defaultConfigurationName = Release;
		};
		23E382EE2A9942E2007A54A8 /* Build configuration list for PBXNativeTarget "CodingChallenge-Toyota" */ = {
			isa = XCConfigurationList;
			buildConfigurations = (
				23E382EF2A9942E2007A54A8 /* Debug */,
				23E382F02A9942E2007A54A8 /* Release */,
			);
			defaultConfigurationIsVisible = 0;
			defaultConfigurationName = Release;
		};
		23E3CE702A9C4B2E00B6CF7E /* Build configuration list for PBXNativeTarget "CodingChallenge-ToyotaTests" */ = {
			isa = XCConfigurationList;
			buildConfigurations = (
				23E3CE712A9C4B2E00B6CF7E /* Debug */,
				23E3CE722A9C4B2E00B6CF7E /* Release */,
			);
			defaultConfigurationIsVisible = 0;
			defaultConfigurationName = Release;
		};
/* End XCConfigurationList section */

/* Begin XCRemoteSwiftPackageReference section */
		23EF804D2A9A431000A24C25 /* XCRemoteSwiftPackageReference "rive-ios" */ = {
			isa = XCRemoteSwiftPackageReference;
			repositoryURL = "https://github.com/rive-app/rive-ios";
			requirement = {
				kind = upToNextMajorVersion;
				minimumVersion = 5.1.6;
			};
		};
/* End XCRemoteSwiftPackageReference section */

/* Begin XCSwiftPackageProductDependency section */
		23EF804E2A9A431000A24C25 /* RiveRuntime */ = {
			isa = XCSwiftPackageProductDependency;
			package = 23EF804D2A9A431000A24C25 /* XCRemoteSwiftPackageReference "rive-ios" */;
			productName = RiveRuntime;
		};
/* End XCSwiftPackageProductDependency section */
	};
	rootObject = 23E382D82A9942DC007A54A8 /* Project object */;
}
